
Microsoft Visual Studio Solution File, Format Version 12.00
# Visual Studio Version 17
VisualStudioVersion = 17.10.34916.146
MinimumVisualStudioVersion = 10.0.40219.1
Project("{8BC9CEB8-8B4A-11D0-8D11-00A0C91BC942}") = "Atcoder-Template", "Atcoder-Template.vcxproj", "{978E2EEB-E282-4623-971E-23B03F5F76A9}"
EndProject
Project("{8BC9CEB8-8B4A-11D0-8D11-00A0C91BC942}") = "cppsample", "cppsample\cppsample.vcxproj", "{7BDF24A3-7058-4F47-A411-6D7AB83EC4F9}"
EndProject
Global
	GlobalSection(SolutionConfigurationPlatforms) = preSolution
		Debug|x64 = Debug|x64
		Debug|x86 = Debug|x86
		Release|x64 = Release|x64
		Release|x86 = Release|x86
	EndGlobalSection
	GlobalSection(ProjectConfigurationPlatforms) = postSolution
		{978E2EEB-E282-4623-971E-23B03F5F76A9}.Debug|x64.ActiveCfg = Debug|x64
		{978E2EEB-E282-4623-971E-23B03F5F76A9}.Debug|x64.Build.0 = Debug|x64
		{978E2EEB-E282-4623-971E-23B03F5F76A9}.Debug|x86.ActiveCfg = Debug|Win32
		{978E2EEB-E282-4623-971E-23B03F5F76A9}.Debug|x86.Build.0 = Debug|Win32
		{978E2EEB-E282-4623-971E-23B03F5F76A9}.Release|x64.ActiveCfg = Release|x64
		{978E2EEB-E282-4623-971E-23B03F5F76A9}.Release|x64.Build.0 = Release|x64
		{978E2EEB-E282-4623-971E-23B03F5F76A9}.Release|x86.ActiveCfg = Release|Win32
		{978E2EEB-E282-4623-971E-23B03F5F76A9}.Release|x86.Build.0 = Release|Win32
		{7BDF24A3-7058-4F47-A411-6D7AB83EC4F9}.Debug|x64.ActiveCfg = Debug|x64
		{7BDF24A3-7058-4F47-A411-6D7AB83EC4F9}.Debug|x64.Build.0 = Debug|x64
		{7BDF24A3-7058-4F47-A411-6D7AB83EC4F9}.Debug|x86.ActiveCfg = Debug|Win32
		{7BDF24A3-7058-4F47-A411-6D7AB83EC4F9}.Debug|x86.Build.0 = Debug|Win32
		{7BDF24A3-7058-4F47-A411-6D7AB83EC4F9}.Release|x64.ActiveCfg = Release|x64
		{7BDF24A3-7058-4F47-A411-6D7AB83EC4F9}.Release|x64.Build.0 = Release|x64
		{7BDF24A3-7058-4F47-A411-6D7AB83EC4F9}.Release|x86.ActiveCfg = Release|Win32
		{7BDF24A3-7058-4F47-A411-6D7AB83EC4F9}.Release|x86.Build.0 = Release|Win32
	EndGlobalSection
	GlobalSection(SolutionProperties) = preSolution
		HideSolutionNode = FALSE
	EndGlobalSection
	GlobalSection(ExtensibilityGlobals) = postSolution
		SolutionGuid = {C00C2BDE-E5F6-4612-A1F2-8CF575BA86B8}
	EndGlobalSection
EndGlobal
